// !$*UTF8*$!
{
	archiveVersion = 1;
	classes = {
	};
	objectVersion = 46;
	objects = {

/* Begin PBXBuildFile section */
		44825A331C8B99B100836493 /* AppDelegate.swift in Sources */ = {isa = PBXBuildFile; fileRef = 44825A321C8B99B100836493 /* AppDelegate.swift */; };
		44825A351C8B99B100836493 /* ViewController.swift in Sources */ = {isa = PBXBuildFile; fileRef = 44825A341C8B99B100836493 /* ViewController.swift */; };
		44825A381C8B99B100836493 /* Main.storyboard in Resources */ = {isa = PBXBuildFile; fileRef = 44825A361C8B99B100836493 /* Main.storyboard */; };
		44825A3A1C8B99B100836493 /* Assets.xcassets in Resources */ = {isa = PBXBuildFile; fileRef = 44825A391C8B99B100836493 /* Assets.xcassets */; };
		44825A3D1C8B99B100836493 /* LaunchScreen.storyboard in Resources */ = {isa = PBXBuildFile; fileRef = 44825A3B1C8B99B100836493 /* LaunchScreen.storyboard */; };
		44825A481C8B99B100836493 /* RecipeBuilderTests.swift in Sources */ = {isa = PBXBuildFile; fileRef = 44825A471C8B99B100836493 /* RecipeBuilderTests.swift */; };
		44825A531C8B99B100836493 /* RecipeBuilderUITests.swift in Sources */ = {isa = PBXBuildFile; fileRef = 44825A521C8B99B100836493 /* RecipeBuilderUITests.swift */; };
		44825A611C8B9E3D00836493 /* TimersViewController.swift in Sources */ = {isa = PBXBuildFile; fileRef = 44825A601C8B9E3D00836493 /* TimersViewController.swift */; };
		44C4FC621C9533B300C7706F /* TempShoppingListViewController.swift in Sources */ = {isa = PBXBuildFile; fileRef = 44C4FC611C9533B300C7706F /* TempShoppingListViewController.swift */; };
		44C4FC641C95EE8A00C7706F /* ShoppingItemCell.swift in Sources */ = {isa = PBXBuildFile; fileRef = 44C4FC631C95EE8A00C7706F /* ShoppingItemCell.swift */; };
		44F995211C97B55100B26956 /* Common.swift in Sources */ = {isa = PBXBuildFile; fileRef = 44F995201C97B55100B26956 /* Common.swift */; };
		890B2C671C8CE2D20029504E /* MyRecipesViewController.swift in Sources */ = {isa = PBXBuildFile; fileRef = 890B2C661C8CE2D20029504E /* MyRecipesViewController.swift */; };
		890BD7961C95477500BB7E9C /* ViewRecipeViewController.swift in Sources */ = {isa = PBXBuildFile; fileRef = 890BD7951C95477500BB7E9C /* ViewRecipeViewController.swift */; };
		89186B5B1C95DF0100669EEB /* SF-UI-Text-Light.otf in Resources */ = {isa = PBXBuildFile; fileRef = 89186B581C95DF0100669EEB /* SF-UI-Text-Light.otf */; };
		89186B5C1C95DF0100669EEB /* SF-UI-Text-Medium.otf in Resources */ = {isa = PBXBuildFile; fileRef = 89186B591C95DF0100669EEB /* SF-UI-Text-Medium.otf */; };
		89186B5D1C95DF0100669EEB /* SF-UI-Text-Regular.otf in Resources */ = {isa = PBXBuildFile; fileRef = 89186B5A1C95DF0100669EEB /* SF-UI-Text-Regular.otf */; };
		89186B5F1C95DFAF00669EEB /* IngredientsCell.swift in Sources */ = {isa = PBXBuildFile; fileRef = 89186B5E1C95DFAF00669EEB /* IngredientsCell.swift */; };
		89186B611C95E01700669EEB /* RecipeImageCell.swift in Sources */ = {isa = PBXBuildFile; fileRef = 89186B601C95E01700669EEB /* RecipeImageCell.swift */; };
		8923C4041C8CE31F00E5CC0C /* ShoppingListViewController.swift in Sources */ = {isa = PBXBuildFile; fileRef = 8923C4031C8CE31F00E5CC0C /* ShoppingListViewController.swift */; };
		8923C4061C8CE32F00E5CC0C /* CreateRecipeViewController.swift in Sources */ = {isa = PBXBuildFile; fileRef = 8923C4051C8CE32F00E5CC0C /* CreateRecipeViewController.swift */; };
		8923C4081C8CE33800E5CC0C /* ContainerViewController.swift in Sources */ = {isa = PBXBuildFile; fileRef = 8923C4071C8CE33800E5CC0C /* ContainerViewController.swift */; };
		8928BED81C9E29A6000121C5 /* FadeTransition.swift in Sources */ = {isa = PBXBuildFile; fileRef = 8928BED61C9E29A6000121C5 /* FadeTransition.swift */; };
		8928BED91C9E29A6000121C5 /* BaseTransition.swift in Sources */ = {isa = PBXBuildFile; fileRef = 8928BED71C9E29A6000121C5 /* BaseTransition.swift */; };
		894356DE1C962162009226A4 /* DirectionsCell.swift in Sources */ = {isa = PBXBuildFile; fileRef = 894356DD1C962162009226A4 /* DirectionsCell.swift */; };
		895C19B41C9A55C8008CA39C /* RecipeCardCell.swift in Sources */ = {isa = PBXBuildFile; fileRef = 895C19B31C9A55C8008CA39C /* RecipeCardCell.swift */; };
		899CD5561C95D3C000B6B2C6 /* CategoryCell.swift in Sources */ = {isa = PBXBuildFile; fileRef = 899CD5551C95D3C000B6B2C6 /* CategoryCell.swift */; };
		899CD5581C95D51F00B6B2C6 /* TitleCell.swift in Sources */ = {isa = PBXBuildFile; fileRef = 899CD5571C95D51F00B6B2C6 /* TitleCell.swift */; };
		899CD55A1C95DA1800B6B2C6 /* DescriptionCell.swift in Sources */ = {isa = PBXBuildFile; fileRef = 899CD5591C95DA1800B6B2C6 /* DescriptionCell.swift */; };
		899CD55C1C95DBF300B6B2C6 /* DetailsCell.swift in Sources */ = {isa = PBXBuildFile; fileRef = 899CD55B1C95DBF300B6B2C6 /* DetailsCell.swift */; };
		B523B0291C96233600FC5BFD /* RecipeImageInputCell.swift in Sources */ = {isa = PBXBuildFile; fileRef = B523B0281C96233600FC5BFD /* RecipeImageInputCell.swift */; };
		B523B02B1C9623F000FC5BFD /* TitleInputCell.swift in Sources */ = {isa = PBXBuildFile; fileRef = B523B02A1C9623F000FC5BFD /* TitleInputCell.swift */; };
		B523B02D1C96240700FC5BFD /* DescriptionInputCell.swift in Sources */ = {isa = PBXBuildFile; fileRef = B523B02C1C96240700FC5BFD /* DescriptionInputCell.swift */; };
		B523B02F1C96241800FC5BFD /* CategoryInputCell.swift in Sources */ = {isa = PBXBuildFile; fileRef = B523B02E1C96241800FC5BFD /* CategoryInputCell.swift */; };
		B523B06B1C9A52B500FC5BFD /* ServingsInputCell.swift in Sources */ = {isa = PBXBuildFile; fileRef = B523B06A1C9A52B500FC5BFD /* ServingsInputCell.swift */; };
		B523B0A71C9D46BA00FC5BFD /* PrepTimeInputCell.swift in Sources */ = {isa = PBXBuildFile; fileRef = B523B0A61C9D46BA00FC5BFD /* PrepTimeInputCell.swift */; };
		B523B0A91C9D46CE00FC5BFD /* CookTimeInputCell.swift in Sources */ = {isa = PBXBuildFile; fileRef = B523B0A81C9D46CE00FC5BFD /* CookTimeInputCell.swift */; };
		B523B0AB1C9D48BA00FC5BFD /* IngredientsInputCell.swift in Sources */ = {isa = PBXBuildFile; fileRef = B523B0AA1C9D48BA00FC5BFD /* IngredientsInputCell.swift */; };
		B523B0AD1C9D55BB00FC5BFD /* SaveButtonCell.swift in Sources */ = {isa = PBXBuildFile; fileRef = B523B0AC1C9D55BB00FC5BFD /* SaveButtonCell.swift */; };
		B523B0AF1C9D56C500FC5BFD /* DirectionsInputCell.swift in Sources */ = {isa = PBXBuildFile; fileRef = B523B0AE1C9D56C500FC5BFD /* DirectionsInputCell.swift */; };
		B523B0B91C9E151300FC5BFD /* LoginViewController.swift in Sources */ = {isa = PBXBuildFile; fileRef = B523B0B81C9E151300FC5BFD /* LoginViewController.swift */; };
		CC6928633E88CA17112FA911 /* Pods.framework in Frameworks */ = {isa = PBXBuildFile; fileRef = F48E195576FB011CDE499D4D /* Pods.framework */; };
/* End PBXBuildFile section */

/* Begin PBXContainerItemProxy section */
		44825A441C8B99B100836493 /* PBXContainerItemProxy */ = {
			isa = PBXContainerItemProxy;
			containerPortal = 44825A271C8B99B100836493 /* Project object */;
			proxyType = 1;
			remoteGlobalIDString = 44825A2E1C8B99B100836493;
			remoteInfo = RecipeBuilder;
		};
		44825A4F1C8B99B100836493 /* PBXContainerItemProxy */ = {
			isa = PBXContainerItemProxy;
			containerPortal = 44825A271C8B99B100836493 /* Project object */;
			proxyType = 1;
			remoteGlobalIDString = 44825A2E1C8B99B100836493;
			remoteInfo = RecipeBuilder;
		};
/* End PBXContainerItemProxy section */

/* Begin PBXFileReference section */
		371781D76B184EDFC64D94BB /* Pods.release.xcconfig */ = {isa = PBXFileReference; includeInIndex = 1; lastKnownFileType = text.xcconfig; name = Pods.release.xcconfig; path = "Pods/Target Support Files/Pods/Pods.release.xcconfig"; sourceTree = "<group>"; };
		44825A2F1C8B99B100836493 /* RecipeBuilder.app */ = {isa = PBXFileReference; explicitFileType = wrapper.application; includeInIndex = 0; path = RecipeBuilder.app; sourceTree = BUILT_PRODUCTS_DIR; };
		44825A321C8B99B100836493 /* AppDelegate.swift */ = {isa = PBXFileReference; lastKnownFileType = sourcecode.swift; path = AppDelegate.swift; sourceTree = "<group>"; };
		44825A341C8B99B100836493 /* ViewController.swift */ = {isa = PBXFileReference; lastKnownFileType = sourcecode.swift; path = ViewController.swift; sourceTree = "<group>"; };
		44825A371C8B99B100836493 /* Base */ = {isa = PBXFileReference; lastKnownFileType = file.storyboard; name = Base; path = Base.lproj/Main.storyboard; sourceTree = "<group>"; };
		44825A391C8B99B100836493 /* Assets.xcassets */ = {isa = PBXFileReference; lastKnownFileType = folder.assetcatalog; path = Assets.xcassets; sourceTree = "<group>"; };
		44825A3C1C8B99B100836493 /* Base */ = {isa = PBXFileReference; lastKnownFileType = file.storyboard; name = Base; path = Base.lproj/LaunchScreen.storyboard; sourceTree = "<group>"; };
		44825A3E1C8B99B100836493 /* Info.plist */ = {isa = PBXFileReference; lastKnownFileType = text.plist.xml; path = Info.plist; sourceTree = "<group>"; };
		44825A431C8B99B100836493 /* RecipeBuilderTests.xctest */ = {isa = PBXFileReference; explicitFileType = wrapper.cfbundle; includeInIndex = 0; path = RecipeBuilderTests.xctest; sourceTree = BUILT_PRODUCTS_DIR; };
		44825A471C8B99B100836493 /* RecipeBuilderTests.swift */ = {isa = PBXFileReference; lastKnownFileType = sourcecode.swift; path = RecipeBuilderTests.swift; sourceTree = "<group>"; };
		44825A491C8B99B100836493 /* Info.plist */ = {isa = PBXFileReference; lastKnownFileType = text.plist.xml; path = Info.plist; sourceTree = "<group>"; };
		44825A4E1C8B99B100836493 /* RecipeBuilderUITests.xctest */ = {isa = PBXFileReference; explicitFileType = wrapper.cfbundle; includeInIndex = 0; path = RecipeBuilderUITests.xctest; sourceTree = BUILT_PRODUCTS_DIR; };
		44825A521C8B99B100836493 /* RecipeBuilderUITests.swift */ = {isa = PBXFileReference; lastKnownFileType = sourcecode.swift; path = RecipeBuilderUITests.swift; sourceTree = "<group>"; };
		44825A541C8B99B100836493 /* Info.plist */ = {isa = PBXFileReference; lastKnownFileType = text.plist.xml; path = Info.plist; sourceTree = "<group>"; };
		44825A601C8B9E3D00836493 /* TimersViewController.swift */ = {isa = PBXFileReference; fileEncoding = 4; lastKnownFileType = sourcecode.swift; path = TimersViewController.swift; sourceTree = "<group>"; };
		44C4FC611C9533B300C7706F /* TempShoppingListViewController.swift */ = {isa = PBXFileReference; fileEncoding = 4; lastKnownFileType = sourcecode.swift; path = TempShoppingListViewController.swift; sourceTree = "<group>"; };
		44C4FC631C95EE8A00C7706F /* ShoppingItemCell.swift */ = {isa = PBXFileReference; fileEncoding = 4; lastKnownFileType = sourcecode.swift; path = ShoppingItemCell.swift; sourceTree = "<group>"; };
		44F995201C97B55100B26956 /* Common.swift */ = {isa = PBXFileReference; fileEncoding = 4; lastKnownFileType = sourcecode.swift; path = Common.swift; sourceTree = "<group>"; };
		890B2C661C8CE2D20029504E /* MyRecipesViewController.swift */ = {isa = PBXFileReference; fileEncoding = 4; lastKnownFileType = sourcecode.swift; path = MyRecipesViewController.swift; sourceTree = "<group>"; };
		890BD7951C95477500BB7E9C /* ViewRecipeViewController.swift */ = {isa = PBXFileReference; fileEncoding = 4; lastKnownFileType = sourcecode.swift; path = ViewRecipeViewController.swift; sourceTree = "<group>"; };
		89186B581C95DF0100669EEB /* SF-UI-Text-Light.otf */ = {isa = PBXFileReference; lastKnownFileType = file; path = "SF-UI-Text-Light.otf"; sourceTree = "<group>"; };
		89186B591C95DF0100669EEB /* SF-UI-Text-Medium.otf */ = {isa = PBXFileReference; lastKnownFileType = file; path = "SF-UI-Text-Medium.otf"; sourceTree = "<group>"; };
		89186B5A1C95DF0100669EEB /* SF-UI-Text-Regular.otf */ = {isa = PBXFileReference; lastKnownFileType = file; path = "SF-UI-Text-Regular.otf"; sourceTree = "<group>"; };
		89186B5E1C95DFAF00669EEB /* IngredientsCell.swift */ = {isa = PBXFileReference; fileEncoding = 4; lastKnownFileType = sourcecode.swift; path = IngredientsCell.swift; sourceTree = "<group>"; };
		89186B601C95E01700669EEB /* RecipeImageCell.swift */ = {isa = PBXFileReference; fileEncoding = 4; lastKnownFileType = sourcecode.swift; path = RecipeImageCell.swift; sourceTree = "<group>"; };
		8923C4031C8CE31F00E5CC0C /* ShoppingListViewController.swift */ = {isa = PBXFileReference; fileEncoding = 4; lastKnownFileType = sourcecode.swift; path = ShoppingListViewController.swift; sourceTree = "<group>"; };
		8923C4051C8CE32F00E5CC0C /* CreateRecipeViewController.swift */ = {isa = PBXFileReference; fileEncoding = 4; lastKnownFileType = sourcecode.swift; path = CreateRecipeViewController.swift; sourceTree = "<group>"; };
		8923C4071C8CE33800E5CC0C /* ContainerViewController.swift */ = {isa = PBXFileReference; fileEncoding = 4; lastKnownFileType = sourcecode.swift; path = ContainerViewController.swift; sourceTree = "<group>"; };
		8928BED61C9E29A6000121C5 /* FadeTransition.swift */ = {isa = PBXFileReference; fileEncoding = 4; lastKnownFileType = sourcecode.swift; path = FadeTransition.swift; sourceTree = "<group>"; };
		8928BED71C9E29A6000121C5 /* BaseTransition.swift */ = {isa = PBXFileReference; fileEncoding = 4; lastKnownFileType = sourcecode.swift; path = BaseTransition.swift; sourceTree = "<group>"; };
		894356DD1C962162009226A4 /* DirectionsCell.swift */ = {isa = PBXFileReference; fileEncoding = 4; lastKnownFileType = sourcecode.swift; path = DirectionsCell.swift; sourceTree = "<group>"; };
		895C19B31C9A55C8008CA39C /* RecipeCardCell.swift */ = {isa = PBXFileReference; fileEncoding = 4; lastKnownFileType = sourcecode.swift; path = RecipeCardCell.swift; sourceTree = "<group>"; };
		899CD5551C95D3C000B6B2C6 /* CategoryCell.swift */ = {isa = PBXFileReference; fileEncoding = 4; lastKnownFileType = sourcecode.swift; path = CategoryCell.swift; sourceTree = "<group>"; };
		899CD5571C95D51F00B6B2C6 /* TitleCell.swift */ = {isa = PBXFileReference; fileEncoding = 4; lastKnownFileType = sourcecode.swift; name = TitleCell.swift; path = ../TitleCell.swift; sourceTree = "<group>"; };
		899CD5591C95DA1800B6B2C6 /* DescriptionCell.swift */ = {isa = PBXFileReference; fileEncoding = 4; lastKnownFileType = sourcecode.swift; path = DescriptionCell.swift; sourceTree = "<group>"; };
		899CD55B1C95DBF300B6B2C6 /* DetailsCell.swift */ = {isa = PBXFileReference; fileEncoding = 4; lastKnownFileType = sourcecode.swift; path = DetailsCell.swift; sourceTree = "<group>"; };
		B523B0281C96233600FC5BFD /* RecipeImageInputCell.swift */ = {isa = PBXFileReference; fileEncoding = 4; lastKnownFileType = sourcecode.swift; path = RecipeImageInputCell.swift; sourceTree = "<group>"; };
		B523B02A1C9623F000FC5BFD /* TitleInputCell.swift */ = {isa = PBXFileReference; fileEncoding = 4; lastKnownFileType = sourcecode.swift; path = TitleInputCell.swift; sourceTree = "<group>"; };
		B523B02C1C96240700FC5BFD /* DescriptionInputCell.swift */ = {isa = PBXFileReference; fileEncoding = 4; lastKnownFileType = sourcecode.swift; path = DescriptionInputCell.swift; sourceTree = "<group>"; };
		B523B02E1C96241800FC5BFD /* CategoryInputCell.swift */ = {isa = PBXFileReference; fileEncoding = 4; lastKnownFileType = sourcecode.swift; path = CategoryInputCell.swift; sourceTree = "<group>"; };
		B523B06A1C9A52B500FC5BFD /* ServingsInputCell.swift */ = {isa = PBXFileReference; fileEncoding = 4; lastKnownFileType = sourcecode.swift; path = ServingsInputCell.swift; sourceTree = "<group>"; };
		B523B0A61C9D46BA00FC5BFD /* PrepTimeInputCell.swift */ = {isa = PBXFileReference; fileEncoding = 4; lastKnownFileType = sourcecode.swift; path = PrepTimeInputCell.swift; sourceTree = "<group>"; };
		B523B0A81C9D46CE00FC5BFD /* CookTimeInputCell.swift */ = {isa = PBXFileReference; fileEncoding = 4; lastKnownFileType = sourcecode.swift; path = CookTimeInputCell.swift; sourceTree = "<group>"; };
		B523B0AA1C9D48BA00FC5BFD /* IngredientsInputCell.swift */ = {isa = PBXFileReference; fileEncoding = 4; lastKnownFileType = sourcecode.swift; path = IngredientsInputCell.swift; sourceTree = "<group>"; };
		B523B0AC1C9D55BB00FC5BFD /* SaveButtonCell.swift */ = {isa = PBXFileReference; fileEncoding = 4; lastKnownFileType = sourcecode.swift; path = SaveButtonCell.swift; sourceTree = "<group>"; };
		B523B0AE1C9D56C500FC5BFD /* DirectionsInputCell.swift */ = {isa = PBXFileReference; fileEncoding = 4; lastKnownFileType = sourcecode.swift; path = DirectionsInputCell.swift; sourceTree = "<group>"; };
		B523B0B81C9E151300FC5BFD /* LoginViewController.swift */ = {isa = PBXFileReference; fileEncoding = 4; lastKnownFileType = sourcecode.swift; path = LoginViewController.swift; sourceTree = "<group>"; };
		B5AA2847F97A76E9219582CA /* Pods.debug.xcconfig */ = {isa = PBXFileReference; includeInIndex = 1; lastKnownFileType = text.xcconfig; name = Pods.debug.xcconfig; path = "Pods/Target Support Files/Pods/Pods.debug.xcconfig"; sourceTree = "<group>"; };
		F48E195576FB011CDE499D4D /* Pods.framework */ = {isa = PBXFileReference; explicitFileType = wrapper.framework; includeInIndex = 0; path = Pods.framework; sourceTree = BUILT_PRODUCTS_DIR; };
/* End PBXFileReference section */

/* Begin PBXFrameworksBuildPhase section */
		44825A2C1C8B99B100836493 /* Frameworks */ = {
			isa = PBXFrameworksBuildPhase;
			buildActionMask = 2147483647;
			files = (
				CC6928633E88CA17112FA911 /* Pods.framework in Frameworks */,
			);
			runOnlyForDeploymentPostprocessing = 0;
		};
		44825A401C8B99B100836493 /* Frameworks */ = {
			isa = PBXFrameworksBuildPhase;
			buildActionMask = 2147483647;
			files = (
			);
			runOnlyForDeploymentPostprocessing = 0;
		};
		44825A4B1C8B99B100836493 /* Frameworks */ = {
			isa = PBXFrameworksBuildPhase;
			buildActionMask = 2147483647;
			files = (
			);
			runOnlyForDeploymentPostprocessing = 0;
		};
/* End PBXFrameworksBuildPhase section */

/* Begin PBXGroup section */
		35F10D0A75C0878E09237385 /* Frameworks */ = {
			isa = PBXGroup;
			children = (
				F48E195576FB011CDE499D4D /* Pods.framework */,
			);
			name = Frameworks;
			sourceTree = "<group>";
		};
		44825A261C8B99B100836493 = {
			isa = PBXGroup;
			children = (
				44825A311C8B99B100836493 /* RecipeBuilder */,
				44825A461C8B99B100836493 /* RecipeBuilderTests */,
				44825A511C8B99B100836493 /* RecipeBuilderUITests */,
				44825A301C8B99B100836493 /* Products */,
				89186B571C95DEC500669EEB /* Resources */,
				C6B58F10DD132C8BA1582D5C /* Pods */,
				35F10D0A75C0878E09237385 /* Frameworks */,
			);
			sourceTree = "<group>";
		};
		44825A301C8B99B100836493 /* Products */ = {
			isa = PBXGroup;
			children = (
				44825A2F1C8B99B100836493 /* RecipeBuilder.app */,
				44825A431C8B99B100836493 /* RecipeBuilderTests.xctest */,
				44825A4E1C8B99B100836493 /* RecipeBuilderUITests.xctest */,
			);
			name = Products;
			sourceTree = "<group>";
		};
		44825A311C8B99B100836493 /* RecipeBuilder */ = {
			isa = PBXGroup;
			children = (
				44825A361C8B99B100836493 /* Main.storyboard */,
				895C19B31C9A55C8008CA39C /* RecipeCardCell.swift */,
				44C4FC631C95EE8A00C7706F /* ShoppingItemCell.swift */,
				44F995201C97B55100B26956 /* Common.swift */,
				44825A321C8B99B100836493 /* AppDelegate.swift */,
				89186B501C95DCFA00669EEB /* ViewRecipeFiles */,
				B523B0271C961F8500FC5BFD /* CreateRecipeCells */,
				44825A341C8B99B100836493 /* ViewController.swift */,
				B523B0B81C9E151300FC5BFD /* LoginViewController.swift */,
				44C4FC611C9533B300C7706F /* TempShoppingListViewController.swift */,
				8923C4071C8CE33800E5CC0C /* ContainerViewController.swift */,
				8923C4051C8CE32F00E5CC0C /* CreateRecipeViewController.swift */,
				8923C4031C8CE31F00E5CC0C /* ShoppingListViewController.swift */,
				890B2C661C8CE2D20029504E /* MyRecipesViewController.swift */,
				44825A601C8B9E3D00836493 /* TimersViewController.swift */,
				44825A391C8B99B100836493 /* Assets.xcassets */,
				44825A3B1C8B99B100836493 /* LaunchScreen.storyboard */,
				44825A3E1C8B99B100836493 /* Info.plist */,
				8928BED61C9E29A6000121C5 /* FadeTransition.swift */,
				8928BED71C9E29A6000121C5 /* BaseTransition.swift */,
			);
			path = RecipeBuilder;
			sourceTree = "<group>";
		};
		44825A461C8B99B100836493 /* RecipeBuilderTests */ = {
			isa = PBXGroup;
			children = (
				44825A471C8B99B100836493 /* RecipeBuilderTests.swift */,
				44825A491C8B99B100836493 /* Info.plist */,
			);
			path = RecipeBuilderTests;
			sourceTree = "<group>";
		};
		44825A511C8B99B100836493 /* RecipeBuilderUITests */ = {
			isa = PBXGroup;
			children = (
				44825A521C8B99B100836493 /* RecipeBuilderUITests.swift */,
				44825A541C8B99B100836493 /* Info.plist */,
			);
			path = RecipeBuilderUITests;
			sourceTree = "<group>";
		};
		89186B501C95DCFA00669EEB /* ViewRecipeFiles */ = {
			isa = PBXGroup;
			children = (
				89186B5E1C95DFAF00669EEB /* IngredientsCell.swift */,
				890BD7951C95477500BB7E9C /* ViewRecipeViewController.swift */,
				899CD55B1C95DBF300B6B2C6 /* DetailsCell.swift */,
				899CD5571C95D51F00B6B2C6 /* TitleCell.swift */,
				899CD5591C95DA1800B6B2C6 /* DescriptionCell.swift */,
				899CD5551C95D3C000B6B2C6 /* CategoryCell.swift */,
				89186B601C95E01700669EEB /* RecipeImageCell.swift */,
				894356DD1C962162009226A4 /* DirectionsCell.swift */,
			);
			name = ViewRecipeFiles;
			sourceTree = "<group>";
		};
		89186B571C95DEC500669EEB /* Resources */ = {
			isa = PBXGroup;
			children = (
				89186B581C95DF0100669EEB /* SF-UI-Text-Light.otf */,
				89186B591C95DF0100669EEB /* SF-UI-Text-Medium.otf */,
				89186B5A1C95DF0100669EEB /* SF-UI-Text-Regular.otf */,
			);
			name = Resources;
			sourceTree = "<group>";
		};
		B523B0271C961F8500FC5BFD /* CreateRecipeCells */ = {
			isa = PBXGroup;
			children = (
				B523B02A1C9623F000FC5BFD /* TitleInputCell.swift */,
				B523B0281C96233600FC5BFD /* RecipeImageInputCell.swift */,
				B523B02C1C96240700FC5BFD /* DescriptionInputCell.swift */,
				B523B02E1C96241800FC5BFD /* CategoryInputCell.swift */,
				B523B06A1C9A52B500FC5BFD /* ServingsInputCell.swift */,
				B523B0A61C9D46BA00FC5BFD /* PrepTimeInputCell.swift */,
				B523B0A81C9D46CE00FC5BFD /* CookTimeInputCell.swift */,
				B523B0AC1C9D55BB00FC5BFD /* SaveButtonCell.swift */,
				B523B0AA1C9D48BA00FC5BFD /* IngredientsInputCell.swift */,
				B523B0AE1C9D56C500FC5BFD /* DirectionsInputCell.swift */,
			);
			name = CreateRecipeCells;
			sourceTree = "<group>";
		};
		C6B58F10DD132C8BA1582D5C /* Pods */ = {
			isa = PBXGroup;
			children = (
				B5AA2847F97A76E9219582CA /* Pods.debug.xcconfig */,
				371781D76B184EDFC64D94BB /* Pods.release.xcconfig */,
			);
			name = Pods;
			sourceTree = "<group>";
		};
/* End PBXGroup section */

/* Begin PBXNativeTarget section */
		44825A2E1C8B99B100836493 /* RecipeBuilder */ = {
			isa = PBXNativeTarget;
			buildConfigurationList = 44825A571C8B99B100836493 /* Build configuration list for PBXNativeTarget "RecipeBuilder" */;
			buildPhases = (
				7E9A67043AD4FF0ACAD4A8C4 /* Check Pods Manifest.lock */,
				44825A2B1C8B99B100836493 /* Sources */,
				44825A2C1C8B99B100836493 /* Frameworks */,
				44825A2D1C8B99B100836493 /* Resources */,
				27E4661602E86D758DA3BD4D /* Embed Pods Frameworks */,
				00EE0C4D44F031D671B68604 /* Copy Pods Resources */,
			);
			buildRules = (
			);
			dependencies = (
			);
			name = RecipeBuilder;
			productName = RecipeBuilder;
			productReference = 44825A2F1C8B99B100836493 /* RecipeBuilder.app */;
			productType = "com.apple.product-type.application";
		};
		44825A421C8B99B100836493 /* RecipeBuilderTests */ = {
			isa = PBXNativeTarget;
			buildConfigurationList = 44825A5A1C8B99B100836493 /* Build configuration list for PBXNativeTarget "RecipeBuilderTests" */;
			buildPhases = (
				44825A3F1C8B99B100836493 /* Sources */,
				44825A401C8B99B100836493 /* Frameworks */,
				44825A411C8B99B100836493 /* Resources */,
			);
			buildRules = (
			);
			dependencies = (
				44825A451C8B99B100836493 /* PBXTargetDependency */,
			);
			name = RecipeBuilderTests;
			productName = RecipeBuilderTests;
			productReference = 44825A431C8B99B100836493 /* RecipeBuilderTests.xctest */;
			productType = "com.apple.product-type.bundle.unit-test";
		};
		44825A4D1C8B99B100836493 /* RecipeBuilderUITests */ = {
			isa = PBXNativeTarget;
			buildConfigurationList = 44825A5D1C8B99B100836493 /* Build configuration list for PBXNativeTarget "RecipeBuilderUITests" */;
			buildPhases = (
				44825A4A1C8B99B100836493 /* Sources */,
				44825A4B1C8B99B100836493 /* Frameworks */,
				44825A4C1C8B99B100836493 /* Resources */,
			);
			buildRules = (
			);
			dependencies = (
				44825A501C8B99B100836493 /* PBXTargetDependency */,
			);
			name = RecipeBuilderUITests;
			productName = RecipeBuilderUITests;
			productReference = 44825A4E1C8B99B100836493 /* RecipeBuilderUITests.xctest */;
			productType = "com.apple.product-type.bundle.ui-testing";
		};
/* End PBXNativeTarget section */

/* Begin PBXProject section */
		44825A271C8B99B100836493 /* Project object */ = {
			isa = PBXProject;
			attributes = {
				LastSwiftUpdateCheck = 0720;
				LastUpgradeCheck = 0720;
				ORGANIZATIONNAME = Cheeeese;
				TargetAttributes = {
					44825A2E1C8B99B100836493 = {
						CreatedOnToolsVersion = 7.2;
					};
					44825A421C8B99B100836493 = {
						CreatedOnToolsVersion = 7.2;
						TestTargetID = 44825A2E1C8B99B100836493;
					};
					44825A4D1C8B99B100836493 = {
						CreatedOnToolsVersion = 7.2;
						TestTargetID = 44825A2E1C8B99B100836493;
					};
				};
			};
			buildConfigurationList = 44825A2A1C8B99B100836493 /* Build configuration list for PBXProject "RecipeBuilder" */;
			compatibilityVersion = "Xcode 3.2";
			developmentRegion = English;
			hasScannedForEncodings = 0;
			knownRegions = (
				en,
				Base,
			);
			mainGroup = 44825A261C8B99B100836493;
			productRefGroup = 44825A301C8B99B100836493 /* Products */;
			projectDirPath = "";
			projectRoot = "";
			targets = (
				44825A2E1C8B99B100836493 /* RecipeBuilder */,
				44825A421C8B99B100836493 /* RecipeBuilderTests */,
				44825A4D1C8B99B100836493 /* RecipeBuilderUITests */,
			);
		};
/* End PBXProject section */

/* Begin PBXResourcesBuildPhase section */
		44825A2D1C8B99B100836493 /* Resources */ = {
			isa = PBXResourcesBuildPhase;
			buildActionMask = 2147483647;
			files = (
				44825A3D1C8B99B100836493 /* LaunchScreen.storyboard in Resources */,
				44825A3A1C8B99B100836493 /* Assets.xcassets in Resources */,
				89186B5D1C95DF0100669EEB /* SF-UI-Text-Regular.otf in Resources */,
				89186B5B1C95DF0100669EEB /* SF-UI-Text-Light.otf in Resources */,
				89186B5C1C95DF0100669EEB /* SF-UI-Text-Medium.otf in Resources */,
				44825A381C8B99B100836493 /* Main.storyboard in Resources */,
			);
			runOnlyForDeploymentPostprocessing = 0;
		};
		44825A411C8B99B100836493 /* Resources */ = {
			isa = PBXResourcesBuildPhase;
			buildActionMask = 2147483647;
			files = (
			);
			runOnlyForDeploymentPostprocessing = 0;
		};
		44825A4C1C8B99B100836493 /* Resources */ = {
			isa = PBXResourcesBuildPhase;
			buildActionMask = 2147483647;
			files = (
			);
			runOnlyForDeploymentPostprocessing = 0;
		};
/* End PBXResourcesBuildPhase section */

/* Begin PBXShellScriptBuildPhase section */
		00EE0C4D44F031D671B68604 /* Copy Pods Resources */ = {
			isa = PBXShellScriptBuildPhase;
			buildActionMask = 2147483647;
			files = (
			);
			inputPaths = (
			);
			name = "Copy Pods Resources";
			outputPaths = (
			);
			runOnlyForDeploymentPostprocessing = 0;
			shellPath = /bin/sh;
			shellScript = "\"${SRCROOT}/Pods/Target Support Files/Pods/Pods-resources.sh\"\n";
			showEnvVarsInLog = 0;
		};
		27E4661602E86D758DA3BD4D /* Embed Pods Frameworks */ = {
			isa = PBXShellScriptBuildPhase;
			buildActionMask = 2147483647;
			files = (
			);
			inputPaths = (
			);
			name = "Embed Pods Frameworks";
			outputPaths = (
			);
			runOnlyForDeploymentPostprocessing = 0;
			shellPath = /bin/sh;
			shellScript = "\"${SRCROOT}/Pods/Target Support Files/Pods/Pods-frameworks.sh\"\n";
			showEnvVarsInLog = 0;
		};
		7E9A67043AD4FF0ACAD4A8C4 /* Check Pods Manifest.lock */ = {
			isa = PBXShellScriptBuildPhase;
			buildActionMask = 2147483647;
			files = (
			);
			inputPaths = (
			);
			name = "Check Pods Manifest.lock";
			outputPaths = (
			);
			runOnlyForDeploymentPostprocessing = 0;
			shellPath = /bin/sh;
			shellScript = "diff \"${PODS_ROOT}/../Podfile.lock\" \"${PODS_ROOT}/Manifest.lock\" > /dev/null\nif [[ $? != 0 ]] ; then\n    cat << EOM\nerror: The sandbox is not in sync with the Podfile.lock. Run 'pod install' or update your CocoaPods installation.\nEOM\n    exit 1\nfi\n";
			showEnvVarsInLog = 0;
		};
/* End PBXShellScriptBuildPhase section */

/* Begin PBXSourcesBuildPhase section */
		44825A2B1C8B99B100836493 /* Sources */ = {
			isa = PBXSourcesBuildPhase;
			buildActionMask = 2147483647;
			files = (
				44C4FC621C9533B300C7706F /* TempShoppingListViewController.swift in Sources */,
				8928BED81C9E29A6000121C5 /* FadeTransition.swift in Sources */,
				899CD5581C95D51F00B6B2C6 /* TitleCell.swift in Sources */,
				B523B0291C96233600FC5BFD /* RecipeImageInputCell.swift in Sources */,
				B523B02B1C9623F000FC5BFD /* TitleInputCell.swift in Sources */,
				899CD55C1C95DBF300B6B2C6 /* DetailsCell.swift in Sources */,
				890B2C671C8CE2D20029504E /* MyRecipesViewController.swift in Sources */,
				B523B0A71C9D46BA00FC5BFD /* PrepTimeInputCell.swift in Sources */,
				44825A611C8B9E3D00836493 /* TimersViewController.swift in Sources */,
				8923C4081C8CE33800E5CC0C /* ContainerViewController.swift in Sources */,
				895C19B41C9A55C8008CA39C /* RecipeCardCell.swift in Sources */,
				8928BED91C9E29A6000121C5 /* BaseTransition.swift in Sources */,
				B523B06B1C9A52B500FC5BFD /* ServingsInputCell.swift in Sources */,
				B523B02F1C96241800FC5BFD /* CategoryInputCell.swift in Sources */,
				8923C4061C8CE32F00E5CC0C /* CreateRecipeViewController.swift in Sources */,
				89186B611C95E01700669EEB /* RecipeImageCell.swift in Sources */,
				B523B0AD1C9D55BB00FC5BFD /* SaveButtonCell.swift in Sources */,
				44C4FC641C95EE8A00C7706F /* ShoppingItemCell.swift in Sources */,
				894356DE1C962162009226A4 /* DirectionsCell.swift in Sources */,
				8923C4041C8CE31F00E5CC0C /* ShoppingListViewController.swift in Sources */,
				44F995211C97B55100B26956 /* Common.swift in Sources */,
				B523B0AF1C9D56C500FC5BFD /* DirectionsInputCell.swift in Sources */,
				44825A351C8B99B100836493 /* ViewController.swift in Sources */,
				899CD55A1C95DA1800B6B2C6 /* DescriptionCell.swift in Sources */,
				890BD7961C95477500BB7E9C /* ViewRecipeViewController.swift in Sources */,
				B523B0A91C9D46CE00FC5BFD /* CookTimeInputCell.swift in Sources */,
				44825A331C8B99B100836493 /* AppDelegate.swift in Sources */,
				B523B0AB1C9D48BA00FC5BFD /* IngredientsInputCell.swift in Sources */,
				B523B0B91C9E151300FC5BFD /* LoginViewController.swift in Sources */,
				B523B02D1C96240700FC5BFD /* DescriptionInputCell.swift in Sources */,
				89186B5F1C95DFAF00669EEB /* IngredientsCell.swift in Sources */,
				899CD5561C95D3C000B6B2C6 /* CategoryCell.swift in Sources */,
			);
			runOnlyForDeploymentPostprocessing = 0;
		};
		44825A3F1C8B99B100836493 /* Sources */ = {
			isa = PBXSourcesBuildPhase;
			buildActionMask = 2147483647;
			files = (
				44825A481C8B99B100836493 /* RecipeBuilderTests.swift in Sources */,
			);
			runOnlyForDeploymentPostprocessing = 0;
		};
		44825A4A1C8B99B100836493 /* Sources */ = {
			isa = PBXSourcesBuildPhase;
			buildActionMask = 2147483647;
			files = (
				44825A531C8B99B100836493 /* RecipeBuilderUITests.swift in Sources */,
			);
			runOnlyForDeploymentPostprocessing = 0;
		};
/* End PBXSourcesBuildPhase section */

/* Begin PBXTargetDependency section */
		44825A451C8B99B100836493 /* PBXTargetDependency */ = {
			isa = PBXTargetDependency;
			target = 44825A2E1C8B99B100836493 /* RecipeBuilder */;
			targetProxy = 44825A441C8B99B100836493 /* PBXContainerItemProxy */;
		};
		44825A501C8B99B100836493 /* PBXTargetDependency */ = {
			isa = PBXTargetDependency;
			target = 44825A2E1C8B99B100836493 /* RecipeBuilder */;
			targetProxy = 44825A4F1C8B99B100836493 /* PBXContainerItemProxy */;
		};
/* End PBXTargetDependency section */

/* Begin PBXVariantGroup section */
		44825A361C8B99B100836493 /* Main.storyboard */ = {
			isa = PBXVariantGroup;
			children = (
				44825A371C8B99B100836493 /* Base */,
			);
			name = Main.storyboard;
			sourceTree = "<group>";
		};
		44825A3B1C8B99B100836493 /* LaunchScreen.storyboard */ = {
			isa = PBXVariantGroup;
			children = (
				44825A3C1C8B99B100836493 /* Base */,
			);
			name = LaunchScreen.storyboard;
			sourceTree = "<group>";
		};
/* End PBXVariantGroup section */

/* Begin XCBuildConfiguration section */
		44825A551C8B99B100836493 /* Debug */ = {
			isa = XCBuildConfiguration;
			buildSettings = {
				ALWAYS_SEARCH_USER_PATHS = NO;
				CLANG_CXX_LANGUAGE_STANDARD = "gnu++0x";
				CLANG_CXX_LIBRARY = "libc++";
				CLANG_ENABLE_MODULES = YES;
				CLANG_ENABLE_OBJC_ARC = YES;
				CLANG_WARN_BOOL_CONVERSION = YES;
				CLANG_WARN_CONSTANT_CONVERSION = YES;
				CLANG_WARN_DIRECT_OBJC_ISA_USAGE = YES_ERROR;
				CLANG_WARN_EMPTY_BODY = YES;
				CLANG_WARN_ENUM_CONVERSION = YES;
				CLANG_WARN_INT_CONVERSION = YES;
				CLANG_WARN_OBJC_ROOT_CLASS = YES_ERROR;
				CLANG_WARN_UNREACHABLE_CODE = YES;
				CLANG_WARN__DUPLICATE_METHOD_MATCH = YES;
				"CODE_SIGN_IDENTITY[sdk=iphoneos*]" = "iPhone Developer";
				COPY_PHASE_STRIP = NO;
				DEBUG_INFORMATION_FORMAT = dwarf;
				ENABLE_STRICT_OBJC_MSGSEND = YES;
				ENABLE_TESTABILITY = YES;
				GCC_C_LANGUAGE_STANDARD = gnu99;
				GCC_DYNAMIC_NO_PIC = NO;
				GCC_NO_COMMON_BLOCKS = YES;
				GCC_OPTIMIZATION_LEVEL = 0;
				GCC_PREPROCESSOR_DEFINITIONS = (
					"DEBUG=1",
					"$(inherited)",
				);
				GCC_WARN_64_TO_32_BIT_CONVERSION = YES;
				GCC_WARN_ABOUT_RETURN_TYPE = YES_ERROR;
				GCC_WARN_UNDECLARED_SELECTOR = YES;
				GCC_WARN_UNINITIALIZED_AUTOS = YES_AGGRESSIVE;
				GCC_WARN_UNUSED_FUNCTION = YES;
				GCC_WARN_UNUSED_VARIABLE = YES;
				IPHONEOS_DEPLOYMENT_TARGET = 9.2;
				MTL_ENABLE_DEBUG_INFO = YES;
				ONLY_ACTIVE_ARCH = YES;
				SDKROOT = iphoneos;
				SWIFT_OPTIMIZATION_LEVEL = "-Onone";
			};
			name = Debug;
		};
		44825A561C8B99B100836493 /* Release */ = {
			isa = XCBuildConfiguration;
			buildSettings = {
				ALWAYS_SEARCH_USER_PATHS = NO;
				CLANG_CXX_LANGUAGE_STANDARD = "gnu++0x";
				CLANG_CXX_LIBRARY = "libc++";
				CLANG_ENABLE_MODULES = YES;
				CLANG_ENABLE_OBJC_ARC = YES;
				CLANG_WARN_BOOL_CONVERSION = YES;
				CLANG_WARN_CONSTANT_CONVERSION = YES;
				CLANG_WARN_DIRECT_OBJC_ISA_USAGE = YES_ERROR;
				CLANG_WARN_EMPTY_BODY = YES;
				CLANG_WARN_ENUM_CONVERSION = YES;
				CLANG_WARN_INT_CONVERSION = YES;
				CLANG_WARN_OBJC_ROOT_CLASS = YES_ERROR;
				CLANG_WARN_UNREACHABLE_CODE = YES;
				CLANG_WARN__DUPLICATE_METHOD_MATCH = YES;
				"CODE_SIGN_IDENTITY[sdk=iphoneos*]" = "iPhone Developer";
				COPY_PHASE_STRIP = NO;
				DEBUG_INFORMATION_FORMAT = "dwarf-with-dsym";
				ENABLE_NS_ASSERTIONS = NO;
				ENABLE_STRICT_OBJC_MSGSEND = YES;
				GCC_C_LANGUAGE_STANDARD = gnu99;
				GCC_NO_COMMON_BLOCKS = YES;
				GCC_WARN_64_TO_32_BIT_CONVERSION = YES;
				GCC_WARN_ABOUT_RETURN_TYPE = YES_ERROR;
				GCC_WARN_UNDECLARED_SELECTOR = YES;
				GCC_WARN_UNINITIALIZED_AUTOS = YES_AGGRESSIVE;
				GCC_WARN_UNUSED_FUNCTION = YES;
				GCC_WARN_UNUSED_VARIABLE = YES;
				IPHONEOS_DEPLOYMENT_TARGET = 9.2;
				MTL_ENABLE_DEBUG_INFO = NO;
				SDKROOT = iphoneos;
				VALIDATE_PRODUCT = YES;
			};
			name = Release;
		};
		44825A581C8B99B100836493 /* Debug */ = {
			isa = XCBuildConfiguration;
			baseConfigurationReference = B5AA2847F97A76E9219582CA /* Pods.debug.xcconfig */;
			buildSettings = {
				ASSETCATALOG_COMPILER_APPICON_NAME = AppIcon;
				INFOPLIST_FILE = RecipeBuilder/Info.plist;
				LD_RUNPATH_SEARCH_PATHS = "$(inherited) @executable_path/Frameworks";
				PRODUCT_BUNDLE_IDENTIFIER = Cheeeese.RecipeBuilder;
				PRODUCT_NAME = "$(TARGET_NAME)";
			};
			name = Debug;
		};
		44825A591C8B99B100836493 /* Release */ = {
			isa = XCBuildConfiguration;
			baseConfigurationReference = 371781D76B184EDFC64D94BB /* Pods.release.xcconfig */;
			buildSettings = {
				ASSETCATALOG_COMPILER_APPICON_NAME = AppIcon;
				INFOPLIST_FILE = RecipeBuilder/Info.plist;
				LD_RUNPATH_SEARCH_PATHS = "$(inherited) @executable_path/Frameworks";
				PRODUCT_BUNDLE_IDENTIFIER = Cheeeese.RecipeBuilder;
				PRODUCT_NAME = "$(TARGET_NAME)";
			};
			name = Release;
		};
		44825A5B1C8B99B100836493 /* Debug */ = {
			isa = XCBuildConfiguration;
			buildSettings = {
				BUNDLE_LOADER = "$(TEST_HOST)";
				INFOPLIST_FILE = RecipeBuilderTests/Info.plist;
				LD_RUNPATH_SEARCH_PATHS = "$(inherited) @executable_path/Frameworks @loader_path/Frameworks";
				PRODUCT_BUNDLE_IDENTIFIER = Cheeeese.RecipeBuilderTests;
				PRODUCT_NAME = "$(TARGET_NAME)";
				TEST_HOST = "$(BUILT_PRODUCTS_DIR)/RecipeBuilder.app/RecipeBuilder";
			};
			name = Debug;
		};
		44825A5C1C8B99B100836493 /* Release */ = {
			isa = XCBuildConfiguration;
			buildSettings = {
				BUNDLE_LOADER = "$(TEST_HOST)";
				INFOPLIST_FILE = RecipeBuilderTests/Info.plist;
				LD_RUNPATH_SEARCH_PATHS = "$(inherited) @executable_path/Frameworks @loader_path/Frameworks";
				PRODUCT_BUNDLE_IDENTIFIER = Cheeeese.RecipeBuilderTests;
				PRODUCT_NAME = "$(TARGET_NAME)";
				TEST_HOST = "$(BUILT_PRODUCTS_DIR)/RecipeBuilder.app/RecipeBuilder";
			};
			name = Release;
		};
		44825A5E1C8B99B100836493 /* Debug */ = {
			isa = XCBuildConfiguration;
			buildSettings = {
				INFOPLIST_FILE = RecipeBuilderUITests/Info.plist;
				LD_RUNPATH_SEARCH_PATHS = "$(inherited) @executable_path/Frameworks @loader_path/Frameworks";
				PRODUCT_BUNDLE_IDENTIFIER = Cheeeese.RecipeBuilderUITests;
				PRODUCT_NAME = "$(TARGET_NAME)";
				TEST_TARGET_NAME = RecipeBuilder;
				USES_XCTRUNNER = YES;
			};
			name = Debug;
		};
		44825A5F1C8B99B100836493 /* Release */ = {
			isa = XCBuildConfiguration;
			buildSettings = {
				INFOPLIST_FILE = RecipeBuilderUITests/Info.plist;
				LD_RUNPATH_SEARCH_PATHS = "$(inherited) @executable_path/Frameworks @loader_path/Frameworks";
				PRODUCT_BUNDLE_IDENTIFIER = Cheeeese.RecipeBuilderUITests;
				PRODUCT_NAME = "$(TARGET_NAME)";
				TEST_TARGET_NAME = RecipeBuilder;
				USES_XCTRUNNER = YES;
			};
			name = Release;
		};
/* End XCBuildConfiguration section */

/* Begin XCConfigurationList section */
		44825A2A1C8B99B100836493 /* Build configuration list for PBXProject "RecipeBuilder" */ = {
			isa = XCConfigurationList;
			buildConfigurations = (
				44825A551C8B99B100836493 /* Debug */,
				44825A561C8B99B100836493 /* Release */,
			);
			defaultConfigurationIsVisible = 0;
			defaultConfigurationName = Release;
		};
		44825A571C8B99B100836493 /* Build configuration list for PBXNativeTarget "RecipeBuilder" */ = {
			isa = XCConfigurationList;
			buildConfigurations = (
				44825A581C8B99B100836493 /* Debug */,
				44825A591C8B99B100836493 /* Release */,
			);
			defaultConfigurationIsVisible = 0;
			defaultConfigurationName = Release;
		};
		44825A5A1C8B99B100836493 /* Build configuration list for PBXNativeTarget "RecipeBuilderTests" */ = {
			isa = XCConfigurationList;
			buildConfigurations = (
				44825A5B1C8B99B100836493 /* Debug */,
				44825A5C1C8B99B100836493 /* Release */,
			);
			defaultConfigurationIsVisible = 0;
			defaultConfigurationName = Release;
		};
		44825A5D1C8B99B100836493 /* Build configuration list for PBXNativeTarget "RecipeBuilderUITests" */ = {
			isa = XCConfigurationList;
			buildConfigurations = (
				44825A5E1C8B99B100836493 /* Debug */,
				44825A5F1C8B99B100836493 /* Release */,
			);
			defaultConfigurationIsVisible = 0;
			defaultConfigurationName = Release;
		};
/* End XCConfigurationList section */
	};
	rootObject = 44825A271C8B99B100836493 /* Project object */;
}
